
Microsoft Visual Studio Solution File, Format Version 12.00
# Visual Studio 2013
VisualStudioVersion = 12.0.21005.1
MinimumVisualStudioVersion = 10.0.40219.1
Project("{FAE04EC0-301F-11D3-BF4B-00C04F79EFBC}") = "ProjetoVendaPedido", "ProjetoVendaPedido\ProjetoVendaPedido.csproj", "{F24EF4F9-DE63-4BA8-9E80-8787208750D3}"
EndProject
Project("{FAE04EC0-301F-11D3-BF4B-00C04F79EFBC}") = "ProjetoVendaPedido.DTO", "..\ProjetoVendaPedido.DTO\ProjetoVendaPedido.DTO\ProjetoVendaPedido.DTO.csproj", "{FF8F1B34-59FD-4663-835C-C7118B713066}"
EndProject
Project("{FAE04EC0-301F-11D3-BF4B-00C04F79EFBC}") = "ProjetoVendaPedido.BLL", "..\ProjetoVendaPedido.BLL\ProjetoVendaPedido.BLL\ProjetoVendaPedido.BLL.csproj", "{E189E8E5-F147-483C-86B5-D59D3895CAAF}"
EndProject
Global
	GlobalSection(SolutionConfigurationPlatforms) = preSolution
		Debug|Any CPU = Debug|Any CPU
		Release|Any CPU = Release|Any CPU
	EndGlobalSection
	GlobalSection(ProjectConfigurationPlatforms) = postSolution
		{F24EF4F9-DE63-4BA8-9E80-8787208750D3}.Debug|Any CPU.ActiveCfg = Debug|Any CPU
		{F24EF4F9-DE63-4BA8-9E80-8787208750D3}.Debug|Any CPU.Build.0 = Debug|Any CPU
		{F24EF4F9-DE63-4BA8-9E80-8787208750D3}.Release|Any CPU.ActiveCfg = Release|Any CPU
		{F24EF4F9-DE63-4BA8-9E80-8787208750D3}.Release|Any CPU.Build.0 = Release|Any CPU
		{FF8F1B34-59FD-4663-835C-C7118B713066}.Debug|Any CPU.ActiveCfg = Debug|Any CPU
		{FF8F1B34-59FD-4663-835C-C7118B713066}.Debug|Any CPU.Build.0 = Debug|Any CPU
		{FF8F1B34-59FD-4663-835C-C7118B713066}.Release|Any CPU.ActiveCfg = Release|Any CPU
		{FF8F1B34-59FD-4663-835C-C7118B713066}.Release|Any CPU.Build.0 = Release|Any CPU
		{E189E8E5-F147-483C-86B5-D59D3895CAAF}.Debug|Any CPU.ActiveCfg = Debug|Any CPU
		{E189E8E5-F147-483C-86B5-D59D3895CAAF}.Debug|Any CPU.Build.0 = Debug|Any CPU
		{E189E8E5-F147-483C-86B5-D59D3895CAAF}.Release|Any CPU.ActiveCfg = Release|Any CPU
		{E189E8E5-F147-483C-86B5-D59D3895CAAF}.Release|Any CPU.Build.0 = Release|Any CPU
	EndGlobalSection
	GlobalSection(SolutionProperties) = preSolution
		HideSolutionNode = FALSE
	EndGlobalSection
EndGlobal
